
Microsoft Visual Studio Solution File, Format Version 12.00
# Visual Studio 15
Project("{FAE04EC0-301F-11D3-BF4B-00C04F79EFBC}") = "Assembly-CSharp", "Assembly-CSharp.csproj", "{78DE32C6-C637-750A-174E-051FAD05D5B8}"
EndProject
Global
	GlobalSection(SolutionConfigurationPlatforms) = preSolution
		Debug|Any CPU = Debug|Any CPU
		Release|Any CPU = Release|Any CPU
	EndGlobalSection
	GlobalSection(ProjectConfigurationPlatforms) = postSolution
		{78DE32C6-C637-750A-174E-051FAD05D5B8}.Debug|Any CPU.ActiveCfg = Debug|Any CPU
		{78DE32C6-C637-750A-174E-051FAD05D5B8}.Debug|Any CPU.Build.0 = Debug|Any CPU
		{78DE32C6-C637-750A-174E-051FAD05D5B8}.Release|Any CPU.ActiveCfg = Release|Any CPU
		{78DE32C6-C637-750A-174E-051FAD05D5B8}.Release|Any CPU.Build.0 = Release|Any CPU
	EndGlobalSection
	GlobalSection(SolutionProperties) = preSolution
		HideSolutionNode = FALSE
	EndGlobalSection
EndGlobal
